import { Router, type IRouter } from "express";
import healthRouter from "./health";
import equipmentRouter from "./equipment";
import foldersRouter from "./folders";
import storageRouter from "./storage";
import analyticsRouter from "./analytics";
import logsRouter from "./logs";
import usersRouter from "./users";

const router: IRouter = Router();

router.use(healthRouter);
router.use(foldersRouter);
router.use(equipmentRouter);
router.use(storageRouter);
router.use(analyticsRouter);
router.use(logsRouter);
router.use(usersRouter);

export default router;
